
Microsoft Visual Studio Solution File, Format Version 12.00
# Visual Studio Version 16
VisualStudioVersion = 16.0.29613.14
MinimumVisualStudioVersion = 10.0.40219.1
Project("{8BC9CEB8-8B4A-11D0-8D11-00A0C91BC942}") = "TBC", "TBC\TBC.vcxproj", "{DC622771-7B59-4B63-857B-749BB9B11F34}"
EndProject
Project("{8BC9CEB8-8B4A-11D0-8D11-00A0C91BC942}") = "2.6", "2.6\2.6.vcxproj", "{18C573A5-D106-4492-997C-DED501354B27}"
EndProject
Project("{8BC9CEB8-8B4A-11D0-8D11-00A0C91BC942}") = "2.9", "2.9\2.9.vcxproj", "{EF06A390-B3A8-40F3-95DE-0CD700F2972F}"
EndProject
Project("{8BC9CEB8-8B4A-11D0-8D11-00A0C91BC942}") = "3.4", "3.4\3.4.vcxproj", "{C208B9AA-C661-49AC-ADB6-8F133922E1CB}"
EndProject
Project("{8BC9CEB8-8B4A-11D0-8D11-00A0C91BC942}") = "3.6", "3.6\3.6.vcxproj", "{EE7412F3-CE55-4B4D-B326-CB4190F39659}"
EndProject
Project("{8BC9CEB8-8B4A-11D0-8D11-00A0C91BC942}") = "3.7", "3.7\3.7.vcxproj", "{24E14E86-460A-4A9F-9895-F24ED88188AE}"
EndProject
Project("{8BC9CEB8-8B4A-11D0-8D11-00A0C91BC942}") = "3.8", "3.8\3.8.vcxproj", "{FDDFB065-4F43-4CA8-B49B-74D79F8BB18D}"
EndProject
Project("{8BC9CEB8-8B4A-11D0-8D11-00A0C91BC942}") = "3.9", "3.9\3.9.vcxproj", "{C2B11ABB-08FE-4247-8525-040489FD101E}"
EndProject
Project("{8BC9CEB8-8B4A-11D0-8D11-00A0C91BC942}") = "3.10", "3.10\3.10.vcxproj", "{2B843540-163F-4C1E-91ED-C59FAC71C077}"
EndProject
Project("{8BC9CEB8-8B4A-11D0-8D11-00A0C91BC942}") = "3.11", "3.11\3.11.vcxproj", "{C22D4255-B40D-4F53-8A77-D1CD81681603}"
EndProject
Project("{8BC9CEB8-8B4A-11D0-8D11-00A0C91BC942}") = "3.12", "3.12\3.12.vcxproj", "{1B14D703-BA99-49DB-AEB6-08E7E8A5E6E0}"
EndProject
Project("{8BC9CEB8-8B4A-11D0-8D11-00A0C91BC942}") = "4.1", "4.1\4.1.vcxproj", "{9DEB6209-F8D8-4DF0-8513-65A640519B82}"
EndProject
Project("{8BC9CEB8-8B4A-11D0-8D11-00A0C91BC942}") = "4.2", "4.2\4.2.vcxproj", "{FF6AC478-4C4B-4D20-8C71-4D37C80F7EE4}"
EndProject
Project("{8BC9CEB8-8B4A-11D0-8D11-00A0C91BC942}") = "4.3", "4.3\4.3.vcxproj", "{1BBAB7FD-AA45-4E1E-B85A-A62B609D49F1}"
EndProject
Project("{8BC9CEB8-8B4A-11D0-8D11-00A0C91BC942}") = "4.4", "4.4\4.4.vcxproj", "{8CD63F7A-A644-4067-AEE8-A796F3A9DD08}"
EndProject
Project("{8BC9CEB8-8B4A-11D0-8D11-00A0C91BC942}") = "4.5", "4.5\4.5.vcxproj", "{D8D5A2E1-1172-4AA1-ADB0-EC246FF2545B}"
EndProject
Project("{8BC9CEB8-8B4A-11D0-8D11-00A0C91BC942}") = "4.9", "4.9\4.9.vcxproj", "{0D72E259-2F31-4B37-942C-9A666D2EA81A}"
EndProject
Project("{8BC9CEB8-8B4A-11D0-8D11-00A0C91BC942}") = "4.10", "4.10\4.10.vcxproj", "{452AD9B7-1570-4551-9200-CC4CE7C29D59}"
EndProject
Project("{8BC9CEB8-8B4A-11D0-8D11-00A0C91BC942}") = "5.4", "5.4\5.4.vcxproj", "{E267C624-63F4-4F8B-85D8-B22A05A1BC7A}"
EndProject
Project("{8BC9CEB8-8B4A-11D0-8D11-00A0C91BC942}") = "6.1", "6.1\6.1.vcxproj", "{30EDDA86-CB20-4C35-AD8B-CF1FF73C3CDA}"
EndProject
Project("{8BC9CEB8-8B4A-11D0-8D11-00A0C91BC942}") = "6.12", "6\6.vcxproj", "{6B3C3515-409C-4180-88C7-2901F6141B3C}"
EndProject
Project("{8BC9CEB8-8B4A-11D0-8D11-00A0C91BC942}") = "7.2", "7.2\7.2.vcxproj", "{08556F69-F4C5-430F-A594-8FF7A6E1A5B6}"
EndProject
Project("{8BC9CEB8-8B4A-11D0-8D11-00A0C91BC942}") = "7.4", "7.4\7.4.vcxproj", "{F39A828A-373D-4137-BF1D-CE45C01A1C92}"
EndProject
Project("{8BC9CEB8-8B4A-11D0-8D11-00A0C91BC942}") = "7.6", "7.6\7.6.vcxproj", "{60B06876-04B8-4D09-A978-65F9FA2C81B2}"
EndProject
Project("{8BC9CEB8-8B4A-11D0-8D11-00A0C91BC942}") = "7.8", "7.8\7.8.vcxproj", "{199FDAA7-B88C-4629-AC4F-7007E256CFBE}"
EndProject
Project("{8BC9CEB8-8B4A-11D0-8D11-00A0C91BC942}") = "7.11", "7.11\7.11.vcxproj", "{F5D4074E-203B-4375-A78C-537CC6A2702B}"
EndProject
Project("{8BC9CEB8-8B4A-11D0-8D11-00A0C91BC942}") = "8.3", "8.3\8.3.vcxproj", "{F1614D39-92F9-4B22-96E5-F8A079BAA12B}"
EndProject
Project("{8BC9CEB8-8B4A-11D0-8D11-00A0C91BC942}") = "8.5", "8.5\8.5.vcxproj", "{3C3306F9-78AF-4232-B7D3-F4A4A8B4D0A8}"
EndProject
Project("{8BC9CEB8-8B4A-11D0-8D11-00A0C91BC942}") = "8.8", "8.8\8.8.vcxproj", "{C65F2BA7-FAF8-4469-ACE9-49D851E41B4C}"
EndProject
Project("{8BC9CEB8-8B4A-11D0-8D11-00A0C91BC942}") = "8.9", "8.9\8.9.vcxproj", "{5FA4D3D4-F8B4-4FD1-BE1B-C10CBED9EA25}"
EndProject
Project("{8BC9CEB8-8B4A-11D0-8D11-00A0C91BC942}") = "9.8", "9.8\9.8.vcxproj", "{17ED5CD3-8CE2-42EC-87BD-91C91FE39016}"
EndProject
Project("{8BC9CEB8-8B4A-11D0-8D11-00A0C91BC942}") = "9.9", "9.9\9.9.vcxproj", "{BFE8A220-2F92-447F-B063-F614D7FDEFE8}"
EndProject
Project("{8BC9CEB8-8B4A-11D0-8D11-00A0C91BC942}") = "9.10", "9.10\9.10.vcxproj", "{CBD78692-7F01-47F4-9EF5-ADB93AEF4B51}"
EndProject
Project("{8BC9CEB8-8B4A-11D0-8D11-00A0C91BC942}") = "10.6", "10.6\10.6.vcxproj", "{661312C3-4321-406E-B7F9-71D7417312EC}"
EndProject
Project("{8BC9CEB8-8B4A-11D0-8D11-00A0C91BC942}") = "11.5", "11.5\11.5.vcxproj", "{68E79134-99EB-4C1C-80D6-367A090BC39B}"
EndProject
Project("{8BC9CEB8-8B4A-11D0-8D11-00A0C91BC942}") = "11.6", "11.6\11.6.vcxproj", "{1BDE20B5-A648-4F43-BD46-456C3E175644}"
EndProject
Project("{8BC9CEB8-8B4A-11D0-8D11-00A0C91BC942}") = "11.7", "11.7\11.7.vcxproj", "{D9B71198-57D6-466F-8F3C-FB8EF3F8B683}"
EndProject
Project("{8BC9CEB8-8B4A-11D0-8D11-00A0C91BC942}") = "11.8", "11.8\11.8.vcxproj", "{DDAFDBF3-F04D-4B71-82BE-D659070CAE26}"
EndProject
Project("{8BC9CEB8-8B4A-11D0-8D11-00A0C91BC942}") = "12.7", "12.7\12.7.vcxproj", "{ED1E7A67-7F1E-48ED-89DC-21368AD53709}"
EndProject
Project("{8BC9CEB8-8B4A-11D0-8D11-00A0C91BC942}") = "13.2", "13.2\13.2.vcxproj", "{22FD9840-33CB-4C76-BBF0-6A95A411B4B7}"
EndProject
Project("{8BC9CEB8-8B4A-11D0-8D11-00A0C91BC942}") = "14.4", "14.4\14.4.vcxproj", "{D0F7663B-7783-43BF-AC7A-D3DCAEB7FAF7}"
EndProject
Project("{8BC9CEB8-8B4A-11D0-8D11-00A0C91BC942}") = "14.8", "14.8\14.8.vcxproj", "{5A8BAA02-711E-4BBC-95C1-067B38D6DA5A}"
EndProject
Project("{8BC9CEB8-8B4A-11D0-8D11-00A0C91BC942}") = "14.14", "14.14\14.14.vcxproj", "{C6A9C0FA-6B1C-4F4C-BF50-A109526E6780}"
EndProject
Project("{8BC9CEB8-8B4A-11D0-8D11-00A0C91BC942}") = "14.19", "14.19\14.19.vcxproj", "{5F76DEBB-6C99-42D4-A305-B51FF114F95C}"
EndProject
Project("{8BC9CEB8-8B4A-11D0-8D11-00A0C91BC942}") = "14.25", "14.25\14.25.vcxproj", "{A5FE170C-08A2-4E43-ADE2-3B9C8D9070B8}"
EndProject
Project("{8BC9CEB8-8B4A-11D0-8D11-00A0C91BC942}") = "14.26", "14.26\14.26.vcxproj", "{A803A4B3-01CD-443D-A948-65E8AFB3135A}"
EndProject
Project("{8BC9CEB8-8B4A-11D0-8D11-00A0C91BC942}") = "15.2", "15.2\15.2.vcxproj", "{AECA5CC0-367C-4B63-84E2-CF324A5667D0}"
EndProject
Project("{8BC9CEB8-8B4A-11D0-8D11-00A0C91BC942}") = "15.3", "15.3\15.3.vcxproj", "{F3AB7DEE-5999-410B-961B-10DE7D0E179D}"
EndProject
Project("{8BC9CEB8-8B4A-11D0-8D11-00A0C91BC942}") = "15.8", "15.8\15.8.vcxproj", "{D00CC7E5-B04E-485B-BCA3-6A8E8D3C51FB}"
EndProject
Project("{8BC9CEB8-8B4A-11D0-8D11-00A0C91BC942}") = "17.1", "17.1\17.1.vcxproj", "{B3B78BE1-436B-4CB8-9E38-0872FFFCA10D}"
EndProject
Global
	GlobalSection(SolutionConfigurationPlatforms) = preSolution
		Debug|x64 = Debug|x64
		Debug|x86 = Debug|x86
		Release|x64 = Release|x64
		Release|x86 = Release|x86
	EndGlobalSection
	GlobalSection(ProjectConfigurationPlatforms) = postSolution
		{DC622771-7B59-4B63-857B-749BB9B11F34}.Debug|x64.ActiveCfg = Debug|x64
		{DC622771-7B59-4B63-857B-749BB9B11F34}.Debug|x64.Build.0 = Debug|x64
		{DC622771-7B59-4B63-857B-749BB9B11F34}.Debug|x86.ActiveCfg = Debug|Win32
		{DC622771-7B59-4B63-857B-749BB9B11F34}.Debug|x86.Build.0 = Debug|Win32
		{DC622771-7B59-4B63-857B-749BB9B11F34}.Release|x64.ActiveCfg = Release|x64
		{DC622771-7B59-4B63-857B-749BB9B11F34}.Release|x64.Build.0 = Release|x64
		{DC622771-7B59-4B63-857B-749BB9B11F34}.Release|x86.ActiveCfg = Release|Win32
		{DC622771-7B59-4B63-857B-749BB9B11F34}.Release|x86.Build.0 = Release|Win32
		{18C573A5-D106-4492-997C-DED501354B27}.Debug|x64.ActiveCfg = Debug|x64
		{18C573A5-D106-4492-997C-DED501354B27}.Debug|x64.Build.0 = Debug|x64
		{18C573A5-D106-4492-997C-DED501354B27}.Debug|x86.ActiveCfg = Debug|Win32
		{18C573A5-D106-4492-997C-DED501354B27}.Debug|x86.Build.0 = Debug|Win32
		{18C573A5-D106-4492-997C-DED501354B27}.Release|x64.ActiveCfg = Release|x64
		{18C573A5-D106-4492-997C-DED501354B27}.Release|x64.Build.0 = Release|x64
		{18C573A5-D106-4492-997C-DED501354B27}.Release|x86.ActiveCfg = Release|Win32
		{18C573A5-D106-4492-997C-DED501354B27}.Release|x86.Build.0 = Release|Win32
		{EF06A390-B3A8-40F3-95DE-0CD700F2972F}.Debug|x64.ActiveCfg = Debug|x64
		{EF06A390-B3A8-40F3-95DE-0CD700F2972F}.Debug|x64.Build.0 = Debug|x64
		{EF06A390-B3A8-40F3-95DE-0CD700F2972F}.Debug|x86.ActiveCfg = Debug|Win32
		{EF06A390-B3A8-40F3-95DE-0CD700F2972F}.Debug|x86.Build.0 = Debug|Win32
		{EF06A390-B3A8-40F3-95DE-0CD700F2972F}.Release|x64.ActiveCfg = Release|x64
		{EF06A390-B3A8-40F3-95DE-0CD700F2972F}.Release|x64.Build.0 = Release|x64
		{EF06A390-B3A8-40F3-95DE-0CD700F2972F}.Release|x86.ActiveCfg = Release|Win32
		{EF06A390-B3A8-40F3-95DE-0CD700F2972F}.Release|x86.Build.0 = Release|Win32
		{C208B9AA-C661-49AC-ADB6-8F133922E1CB}.Debug|x64.ActiveCfg = Debug|x64
		{C208B9AA-C661-49AC-ADB6-8F133922E1CB}.Debug|x64.Build.0 = Debug|x64
		{C208B9AA-C661-49AC-ADB6-8F133922E1CB}.Debug|x86.ActiveCfg = Debug|Win32
		{C208B9AA-C661-49AC-ADB6-8F133922E1CB}.Debug|x86.Build.0 = Debug|Win32
		{C208B9AA-C661-49AC-ADB6-8F133922E1CB}.Release|x64.ActiveCfg = Release|x64
		{C208B9AA-C661-49AC-ADB6-8F133922E1CB}.Release|x64.Build.0 = Release|x64
		{C208B9AA-C661-49AC-ADB6-8F133922E1CB}.Release|x86.ActiveCfg = Release|Win32
		{C208B9AA-C661-49AC-ADB6-8F133922E1CB}.Release|x86.Build.0 = Release|Win32
		{EE7412F3-CE55-4B4D-B326-CB4190F39659}.Debug|x64.ActiveCfg = Debug|x64
		{EE7412F3-CE55-4B4D-B326-CB4190F39659}.Debug|x64.Build.0 = Debug|x64
		{EE7412F3-CE55-4B4D-B326-CB4190F39659}.Debug|x86.ActiveCfg = Debug|Win32
		{EE7412F3-CE55-4B4D-B326-CB4190F39659}.Debug|x86.Build.0 = Debug|Win32
		{EE7412F3-CE55-4B4D-B326-CB4190F39659}.Release|x64.ActiveCfg = Release|x64
		{EE7412F3-CE55-4B4D-B326-CB4190F39659}.Release|x64.Build.0 = Release|x64
		{EE7412F3-CE55-4B4D-B326-CB4190F39659}.Release|x86.ActiveCfg = Release|Win32
		{EE7412F3-CE55-4B4D-B326-CB4190F39659}.Release|x86.Build.0 = Release|Win32
		{24E14E86-460A-4A9F-9895-F24ED88188AE}.Debug|x64.ActiveCfg = Debug|x64
		{24E14E86-460A-4A9F-9895-F24ED88188AE}.Debug|x64.Build.0 = Debug|x64
		{24E14E86-460A-4A9F-9895-F24ED88188AE}.Debug|x86.ActiveCfg = Debug|Win32
		{24E14E86-460A-4A9F-9895-F24ED88188AE}.Debug|x86.Build.0 = Debug|Win32
		{24E14E86-460A-4A9F-9895-F24ED88188AE}.Release|x64.ActiveCfg = Release|x64
		{24E14E86-460A-4A9F-9895-F24ED88188AE}.Release|x64.Build.0 = Release|x64
		{24E14E86-460A-4A9F-9895-F24ED88188AE}.Release|x86.ActiveCfg = Release|Win32
		{24E14E86-460A-4A9F-9895-F24ED88188AE}.Release|x86.Build.0 = Release|Win32
		{FDDFB065-4F43-4CA8-B49B-74D79F8BB18D}.Debug|x64.ActiveCfg = Debug|x64
		{FDDFB065-4F43-4CA8-B49B-74D79F8BB18D}.Debug|x64.Build.0 = Debug|x64
		{FDDFB065-4F43-4CA8-B49B-74D79F8BB18D}.Debug|x86.ActiveCfg = Debug|Win32
		{FDDFB065-4F43-4CA8-B49B-74D79F8BB18D}.Debug|x86.Build.0 = Debug|Win32
		{FDDFB065-4F43-4CA8-B49B-74D79F8BB18D}.Release|x64.ActiveCfg = Release|x64
		{FDDFB065-4F43-4CA8-B49B-74D79F8BB18D}.Release|x64.Build.0 = Release|x64
		{FDDFB065-4F43-4CA8-B49B-74D79F8BB18D}.Release|x86.ActiveCfg = Release|Win32
		{FDDFB065-4F43-4CA8-B49B-74D79F8BB18D}.Release|x86.Build.0 = Release|Win32
		{C2B11ABB-08FE-4247-8525-040489FD101E}.Debug|x64.ActiveCfg = Debug|x64
		{C2B11ABB-08FE-4247-8525-040489FD101E}.Debug|x64.Build.0 = Debug|x64
		{C2B11ABB-08FE-4247-8525-040489FD101E}.Debug|x86.ActiveCfg = Debug|Win32
		{C2B11ABB-08FE-4247-8525-040489FD101E}.Debug|x86.Build.0 = Debug|Win32
		{C2B11ABB-08FE-4247-8525-040489FD101E}.Release|x64.ActiveCfg = Release|x64
		{C2B11ABB-08FE-4247-8525-040489FD101E}.Release|x64.Build.0 = Release|x64
		{C2B11ABB-08FE-4247-8525-040489FD101E}.Release|x86.ActiveCfg = Release|Win32
		{C2B11ABB-08FE-4247-8525-040489FD101E}.Release|x86.Build.0 = Release|Win32
		{2B843540-163F-4C1E-91ED-C59FAC71C077}.Debug|x64.ActiveCfg = Debug|x64
		{2B843540-163F-4C1E-91ED-C59FAC71C077}.Debug|x64.Build.0 = Debug|x64
		{2B843540-163F-4C1E-91ED-C59FAC71C077}.Debug|x86.ActiveCfg = Debug|Win32
		{2B843540-163F-4C1E-91ED-C59FAC71C077}.Debug|x86.Build.0 = Debug|Win32
		{2B843540-163F-4C1E-91ED-C59FAC71C077}.Release|x64.ActiveCfg = Release|x64
		{2B843540-163F-4C1E-91ED-C59FAC71C077}.Release|x64.Build.0 = Release|x64
		{2B843540-163F-4C1E-91ED-C59FAC71C077}.Release|x86.ActiveCfg = Release|Win32
		{2B843540-163F-4C1E-91ED-C59FAC71C077}.Release|x86.Build.0 = Release|Win32
		{C22D4255-B40D-4F53-8A77-D1CD81681603}.Debug|x64.ActiveCfg = Debug|x64
		{C22D4255-B40D-4F53-8A77-D1CD81681603}.Debug|x64.Build.0 = Debug|x64
		{C22D4255-B40D-4F53-8A77-D1CD81681603}.Debug|x86.ActiveCfg = Debug|Win32
		{C22D4255-B40D-4F53-8A77-D1CD81681603}.Debug|x86.Build.0 = Debug|Win32
		{C22D4255-B40D-4F53-8A77-D1CD81681603}.Release|x64.ActiveCfg = Release|x64
		{C22D4255-B40D-4F53-8A77-D1CD81681603}.Release|x64.Build.0 = Release|x64
		{C22D4255-B40D-4F53-8A77-D1CD81681603}.Release|x86.ActiveCfg = Release|Win32
		{C22D4255-B40D-4F53-8A77-D1CD81681603}.Release|x86.Build.0 = Release|Win32
		{1B14D703-BA99-49DB-AEB6-08E7E8A5E6E0}.Debug|x64.ActiveCfg = Debug|x64
		{1B14D703-BA99-49DB-AEB6-08E7E8A5E6E0}.Debug|x64.Build.0 = Debug|x64
		{1B14D703-BA99-49DB-AEB6-08E7E8A5E6E0}.Debug|x86.ActiveCfg = Debug|Win32
		{1B14D703-BA99-49DB-AEB6-08E7E8A5E6E0}.Debug|x86.Build.0 = Debug|Win32
		{1B14D703-BA99-49DB-AEB6-08E7E8A5E6E0}.Release|x64.ActiveCfg = Release|x64
		{1B14D703-BA99-49DB-AEB6-08E7E8A5E6E0}.Release|x64.Build.0 = Release|x64
		{1B14D703-BA99-49DB-AEB6-08E7E8A5E6E0}.Release|x86.ActiveCfg = Release|Win32
		{1B14D703-BA99-49DB-AEB6-08E7E8A5E6E0}.Release|x86.Build.0 = Release|Win32
		{9DEB6209-F8D8-4DF0-8513-65A640519B82}.Debug|x64.ActiveCfg = Debug|x64
		{9DEB6209-F8D8-4DF0-8513-65A640519B82}.Debug|x64.Build.0 = Debug|x64
		{9DEB6209-F8D8-4DF0-8513-65A640519B82}.Debug|x86.ActiveCfg = Debug|Win32
		{9DEB6209-F8D8-4DF0-8513-65A640519B82}.Debug|x86.Build.0 = Debug|Win32
		{9DEB6209-F8D8-4DF0-8513-65A640519B82}.Release|x64.ActiveCfg = Release|x64
		{9DEB6209-F8D8-4DF0-8513-65A640519B82}.Release|x64.Build.0 = Release|x64
		{9DEB6209-F8D8-4DF0-8513-65A640519B82}.Release|x86.ActiveCfg = Release|Win32
		{9DEB6209-F8D8-4DF0-8513-65A640519B82}.Release|x86.Build.0 = Release|Win32
		{FF6AC478-4C4B-4D20-8C71-4D37C80F7EE4}.Debug|x64.ActiveCfg = Debug|x64
		{FF6AC478-4C4B-4D20-8C71-4D37C80F7EE4}.Debug|x64.Build.0 = Debug|x64
		{FF6AC478-4C4B-4D20-8C71-4D37C80F7EE4}.Debug|x86.ActiveCfg = Debug|Win32
		{FF6AC478-4C4B-4D20-8C71-4D37C80F7EE4}.Debug|x86.Build.0 = Debug|Win32
		{FF6AC478-4C4B-4D20-8C71-4D37C80F7EE4}.Release|x64.ActiveCfg = Release|x64
		{FF6AC478-4C4B-4D20-8C71-4D37C80F7EE4}.Release|x64.Build.0 = Release|x64
		{FF6AC478-4C4B-4D20-8C71-4D37C80F7EE4}.Release|x86.ActiveCfg = Release|Win32
		{FF6AC478-4C4B-4D20-8C71-4D37C80F7EE4}.Release|x86.Build.0 = Release|Win32
		{1BBAB7FD-AA45-4E1E-B85A-A62B609D49F1}.Debug|x64.ActiveCfg = Debug|x64
		{1BBAB7FD-AA45-4E1E-B85A-A62B609D49F1}.Debug|x64.Build.0 = Debug|x64
		{1BBAB7FD-AA45-4E1E-B85A-A62B609D49F1}.Debug|x86.ActiveCfg = Debug|Win32
		{1BBAB7FD-AA45-4E1E-B85A-A62B609D49F1}.Debug|x86.Build.0 = Debug|Win32
		{1BBAB7FD-AA45-4E1E-B85A-A62B609D49F1}.Release|x64.ActiveCfg = Release|x64
		{1BBAB7FD-AA45-4E1E-B85A-A62B609D49F1}.Release|x64.Build.0 = Release|x64
		{1BBAB7FD-AA45-4E1E-B85A-A62B609D49F1}.Release|x86.ActiveCfg = Release|Win32
		{1BBAB7FD-AA45-4E1E-B85A-A62B609D49F1}.Release|x86.Build.0 = Release|Win32
		{8CD63F7A-A644-4067-AEE8-A796F3A9DD08}.Debug|x64.ActiveCfg = Debug|x64
		{8CD63F7A-A644-4067-AEE8-A796F3A9DD08}.Debug|x64.Build.0 = Debug|x64
		{8CD63F7A-A644-4067-AEE8-A796F3A9DD08}.Debug|x86.ActiveCfg = Debug|Win32
		{8CD63F7A-A644-4067-AEE8-A796F3A9DD08}.Debug|x86.Build.0 = Debug|Win32
		{8CD63F7A-A644-4067-AEE8-A796F3A9DD08}.Release|x64.ActiveCfg = Release|x64
		{8CD63F7A-A644-4067-AEE8-A796F3A9DD08}.Release|x64.Build.0 = Release|x64
		{8CD63F7A-A644-4067-AEE8-A796F3A9DD08}.Release|x86.ActiveCfg = Release|Win32
		{8CD63F7A-A644-4067-AEE8-A796F3A9DD08}.Release|x86.Build.0 = Release|Win32
		{D8D5A2E1-1172-4AA1-ADB0-EC246FF2545B}.Debug|x64.ActiveCfg = Debug|x64
		{D8D5A2E1-1172-4AA1-ADB0-EC246FF2545B}.Debug|x64.Build.0 = Debug|x64
		{D8D5A2E1-1172-4AA1-ADB0-EC246FF2545B}.Debug|x86.ActiveCfg = Debug|Win32
		{D8D5A2E1-1172-4AA1-ADB0-EC246FF2545B}.Debug|x86.Build.0 = Debug|Win32
		{D8D5A2E1-1172-4AA1-ADB0-EC246FF2545B}.Release|x64.ActiveCfg = Release|x64
		{D8D5A2E1-1172-4AA1-ADB0-EC246FF2545B}.Release|x64.Build.0 = Release|x64
		{D8D5A2E1-1172-4AA1-ADB0-EC246FF2545B}.Release|x86.ActiveCfg = Release|Win32
		{D8D5A2E1-1172-4AA1-ADB0-EC246FF2545B}.Release|x86.Build.0 = Release|Win32
		{0D72E259-2F31-4B37-942C-9A666D2EA81A}.Debug|x64.ActiveCfg = Debug|x64
		{0D72E259-2F31-4B37-942C-9A666D2EA81A}.Debug|x64.Build.0 = Debug|x64
		{0D72E259-2F31-4B37-942C-9A666D2EA81A}.Debug|x86.ActiveCfg = Debug|Win32
		{0D72E259-2F31-4B37-942C-9A666D2EA81A}.Debug|x86.Build.0 = Debug|Win32
		{0D72E259-2F31-4B37-942C-9A666D2EA81A}.Release|x64.ActiveCfg = Release|x64
		{0D72E259-2F31-4B37-942C-9A666D2EA81A}.Release|x64.Build.0 = Release|x64
		{0D72E259-2F31-4B37-942C-9A666D2EA81A}.Release|x86.ActiveCfg = Release|Win32
		{0D72E259-2F31-4B37-942C-9A666D2EA81A}.Release|x86.Build.0 = Release|Win32
		{452AD9B7-1570-4551-9200-CC4CE7C29D59}.Debug|x64.ActiveCfg = Debug|x64
		{452AD9B7-1570-4551-9200-CC4CE7C29D59}.Debug|x64.Build.0 = Debug|x64
		{452AD9B7-1570-4551-9200-CC4CE7C29D59}.Debug|x86.ActiveCfg = Debug|Win32
		{452AD9B7-1570-4551-9200-CC4CE7C29D59}.Debug|x86.Build.0 = Debug|Win32
		{452AD9B7-1570-4551-9200-CC4CE7C29D59}.Release|x64.ActiveCfg = Release|x64
		{452AD9B7-1570-4551-9200-CC4CE7C29D59}.Release|x64.Build.0 = Release|x64
		{452AD9B7-1570-4551-9200-CC4CE7C29D59}.Release|x86.ActiveCfg = Release|Win32
		{452AD9B7-1570-4551-9200-CC4CE7C29D59}.Release|x86.Build.0 = Release|Win32
		{E267C624-63F4-4F8B-85D8-B22A05A1BC7A}.Debug|x64.ActiveCfg = Debug|x64
		{E267C624-63F4-4F8B-85D8-B22A05A1BC7A}.Debug|x64.Build.0 = Debug|x64
		{E267C624-63F4-4F8B-85D8-B22A05A1BC7A}.Debug|x86.ActiveCfg = Debug|Win32
		{E267C624-63F4-4F8B-85D8-B22A05A1BC7A}.Debug|x86.Build.0 = Debug|Win32
		{E267C624-63F4-4F8B-85D8-B22A05A1BC7A}.Release|x64.ActiveCfg = Release|x64
		{E267C624-63F4-4F8B-85D8-B22A05A1BC7A}.Release|x64.Build.0 = Release|x64
		{E267C624-63F4-4F8B-85D8-B22A05A1BC7A}.Release|x86.ActiveCfg = Release|Win32
		{E267C624-63F4-4F8B-85D8-B22A05A1BC7A}.Release|x86.Build.0 = Release|Win32
		{30EDDA86-CB20-4C35-AD8B-CF1FF73C3CDA}.Debug|x64.ActiveCfg = Debug|x64
		{30EDDA86-CB20-4C35-AD8B-CF1FF73C3CDA}.Debug|x64.Build.0 = Debug|x64
		{30EDDA86-CB20-4C35-AD8B-CF1FF73C3CDA}.Debug|x86.ActiveCfg = Debug|Win32
		{30EDDA86-CB20-4C35-AD8B-CF1FF73C3CDA}.Debug|x86.Build.0 = Debug|Win32
		{30EDDA86-CB20-4C35-AD8B-CF1FF73C3CDA}.Release|x64.ActiveCfg = Release|x64
		{30EDDA86-CB20-4C35-AD8B-CF1FF73C3CDA}.Release|x64.Build.0 = Release|x64
		{30EDDA86-CB20-4C35-AD8B-CF1FF73C3CDA}.Release|x86.ActiveCfg = Release|Win32
		{30EDDA86-CB20-4C35-AD8B-CF1FF73C3CDA}.Release|x86.Build.0 = Release|Win32
		{6B3C3515-409C-4180-88C7-2901F6141B3C}.Debug|x64.ActiveCfg = Debug|x64
		{6B3C3515-409C-4180-88C7-2901F6141B3C}.Debug|x64.Build.0 = Debug|x64
		{6B3C3515-409C-4180-88C7-2901F6141B3C}.Debug|x86.ActiveCfg = Debug|Win32
		{6B3C3515-409C-4180-88C7-2901F6141B3C}.Debug|x86.Build.0 = Debug|Win32
		{6B3C3515-409C-4180-88C7-2901F6141B3C}.Release|x64.ActiveCfg = Release|x64
		{6B3C3515-409C-4180-88C7-2901F6141B3C}.Release|x64.Build.0 = Release|x64
		{6B3C3515-409C-4180-88C7-2901F6141B3C}.Release|x86.ActiveCfg = Release|Win32
		{6B3C3515-409C-4180-88C7-2901F6141B3C}.Release|x86.Build.0 = Release|Win32
		{08556F69-F4C5-430F-A594-8FF7A6E1A5B6}.Debug|x64.ActiveCfg = Debug|x64
		{08556F69-F4C5-430F-A594-8FF7A6E1A5B6}.Debug|x64.Build.0 = Debug|x64
		{08556F69-F4C5-430F-A594-8FF7A6E1A5B6}.Debug|x86.ActiveCfg = Debug|Win32
		{08556F69-F4C5-430F-A594-8FF7A6E1A5B6}.Debug|x86.Build.0 = Debug|Win32
		{08556F69-F4C5-430F-A594-8FF7A6E1A5B6}.Release|x64.ActiveCfg = Release|x64
		{08556F69-F4C5-430F-A594-8FF7A6E1A5B6}.Release|x64.Build.0 = Release|x64
		{08556F69-F4C5-430F-A594-8FF7A6E1A5B6}.Release|x86.ActiveCfg = Release|Win32
		{08556F69-F4C5-430F-A594-8FF7A6E1A5B6}.Release|x86.Build.0 = Release|Win32
		{F39A828A-373D-4137-BF1D-CE45C01A1C92}.Debug|x64.ActiveCfg = Debug|x64
		{F39A828A-373D-4137-BF1D-CE45C01A1C92}.Debug|x64.Build.0 = Debug|x64
		{F39A828A-373D-4137-BF1D-CE45C01A1C92}.Debug|x86.ActiveCfg = Debug|Win32
		{F39A828A-373D-4137-BF1D-CE45C01A1C92}.Debug|x86.Build.0 = Debug|Win32
		{F39A828A-373D-4137-BF1D-CE45C01A1C92}.Release|x64.ActiveCfg = Release|x64
		{F39A828A-373D-4137-BF1D-CE45C01A1C92}.Release|x64.Build.0 = Release|x64
		{F39A828A-373D-4137-BF1D-CE45C01A1C92}.Release|x86.ActiveCfg = Release|Win32
		{F39A828A-373D-4137-BF1D-CE45C01A1C92}.Release|x86.Build.0 = Release|Win32
		{60B06876-04B8-4D09-A978-65F9FA2C81B2}.Debug|x64.ActiveCfg = Debug|x64
		{60B06876-04B8-4D09-A978-65F9FA2C81B2}.Debug|x64.Build.0 = Debug|x64
		{60B06876-04B8-4D09-A978-65F9FA2C81B2}.Debug|x86.ActiveCfg = Debug|Win32
		{60B06876-04B8-4D09-A978-65F9FA2C81B2}.Debug|x86.Build.0 = Debug|Win32
		{60B06876-04B8-4D09-A978-65F9FA2C81B2}.Release|x64.ActiveCfg = Release|x64
		{60B06876-04B8-4D09-A978-65F9FA2C81B2}.Release|x64.Build.0 = Release|x64
		{60B06876-04B8-4D09-A978-65F9FA2C81B2}.Release|x86.ActiveCfg = Release|Win32
		{60B06876-04B8-4D09-A978-65F9FA2C81B2}.Release|x86.Build.0 = Release|Win32
		{199FDAA7-B88C-4629-AC4F-7007E256CFBE}.Debug|x64.ActiveCfg = Debug|x64
		{199FDAA7-B88C-4629-AC4F-7007E256CFBE}.Debug|x64.Build.0 = Debug|x64
		{199FDAA7-B88C-4629-AC4F-7007E256CFBE}.Debug|x86.ActiveCfg = Debug|Win32
		{199FDAA7-B88C-4629-AC4F-7007E256CFBE}.Debug|x86.Build.0 = Debug|Win32
		{199FDAA7-B88C-4629-AC4F-7007E256CFBE}.Release|x64.ActiveCfg = Release|x64
		{199FDAA7-B88C-4629-AC4F-7007E256CFBE}.Release|x64.Build.0 = Release|x64
		{199FDAA7-B88C-4629-AC4F-7007E256CFBE}.Release|x86.ActiveCfg = Release|Win32
		{199FDAA7-B88C-4629-AC4F-7007E256CFBE}.Release|x86.Build.0 = Release|Win32
		{F5D4074E-203B-4375-A78C-537CC6A2702B}.Debug|x64.ActiveCfg = Debug|x64
		{F5D4074E-203B-4375-A78C-537CC6A2702B}.Debug|x64.Build.0 = Debug|x64
		{F5D4074E-203B-4375-A78C-537CC6A2702B}.Debug|x86.ActiveCfg = Debug|Win32
		{F5D4074E-203B-4375-A78C-537CC6A2702B}.Debug|x86.Build.0 = Debug|Win32
		{F5D4074E-203B-4375-A78C-537CC6A2702B}.Release|x64.ActiveCfg = Release|x64
		{F5D4074E-203B-4375-A78C-537CC6A2702B}.Release|x64.Build.0 = Release|x64
		{F5D4074E-203B-4375-A78C-537CC6A2702B}.Release|x86.ActiveCfg = Release|Win32
		{F5D4074E-203B-4375-A78C-537CC6A2702B}.Release|x86.Build.0 = Release|Win32
		{F1614D39-92F9-4B22-96E5-F8A079BAA12B}.Debug|x64.ActiveCfg = Debug|x64
		{F1614D39-92F9-4B22-96E5-F8A079BAA12B}.Debug|x64.Build.0 = Debug|x64
		{F1614D39-92F9-4B22-96E5-F8A079BAA12B}.Debug|x86.ActiveCfg = Debug|Win32
		{F1614D39-92F9-4B22-96E5-F8A079BAA12B}.Debug|x86.Build.0 = Debug|Win32
		{F1614D39-92F9-4B22-96E5-F8A079BAA12B}.Release|x64.ActiveCfg = Release|x64
		{F1614D39-92F9-4B22-96E5-F8A079BAA12B}.Release|x64.Build.0 = Release|x64
		{F1614D39-92F9-4B22-96E5-F8A079BAA12B}.Release|x86.ActiveCfg = Release|Win32
		{F1614D39-92F9-4B22-96E5-F8A079BAA12B}.Release|x86.Build.0 = Release|Win32
		{3C3306F9-78AF-4232-B7D3-F4A4A8B4D0A8}.Debug|x64.ActiveCfg = Debug|x64
		{3C3306F9-78AF-4232-B7D3-F4A4A8B4D0A8}.Debug|x64.Build.0 = Debug|x64
		{3C3306F9-78AF-4232-B7D3-F4A4A8B4D0A8}.Debug|x86.ActiveCfg = Debug|Win32
		{3C3306F9-78AF-4232-B7D3-F4A4A8B4D0A8}.Debug|x86.Build.0 = Debug|Win32
		{3C3306F9-78AF-4232-B7D3-F4A4A8B4D0A8}.Release|x64.ActiveCfg = Release|x64
		{3C3306F9-78AF-4232-B7D3-F4A4A8B4D0A8}.Release|x64.Build.0 = Release|x64
		{3C3306F9-78AF-4232-B7D3-F4A4A8B4D0A8}.Release|x86.ActiveCfg = Release|Win32
		{3C3306F9-78AF-4232-B7D3-F4A4A8B4D0A8}.Release|x86.Build.0 = Release|Win32
		{C65F2BA7-FAF8-4469-ACE9-49D851E41B4C}.Debug|x64.ActiveCfg = Debug|x64
		{C65F2BA7-FAF8-4469-ACE9-49D851E41B4C}.Debug|x64.Build.0 = Debug|x64
		{C65F2BA7-FAF8-4469-ACE9-49D851E41B4C}.Debug|x86.ActiveCfg = Debug|Win32
		{C65F2BA7-FAF8-4469-ACE9-49D851E41B4C}.Debug|x86.Build.0 = Debug|Win32
		{C65F2BA7-FAF8-4469-ACE9-49D851E41B4C}.Release|x64.ActiveCfg = Release|x64
		{C65F2BA7-FAF8-4469-ACE9-49D851E41B4C}.Release|x64.Build.0 = Release|x64
		{C65F2BA7-FAF8-4469-ACE9-49D851E41B4C}.Release|x86.ActiveCfg = Release|Win32
		{C65F2BA7-FAF8-4469-ACE9-49D851E41B4C}.Release|x86.Build.0 = Release|Win32
		{5FA4D3D4-F8B4-4FD1-BE1B-C10CBED9EA25}.Debug|x64.ActiveCfg = Debug|x64
		{5FA4D3D4-F8B4-4FD1-BE1B-C10CBED9EA25}.Debug|x64.Build.0 = Debug|x64
		{5FA4D3D4-F8B4-4FD1-BE1B-C10CBED9EA25}.Debug|x86.ActiveCfg = Debug|Win32
		{5FA4D3D4-F8B4-4FD1-BE1B-C10CBED9EA25}.Debug|x86.Build.0 = Debug|Win32
		{5FA4D3D4-F8B4-4FD1-BE1B-C10CBED9EA25}.Release|x64.ActiveCfg = Release|x64
		{5FA4D3D4-F8B4-4FD1-BE1B-C10CBED9EA25}.Release|x64.Build.0 = Release|x64
		{5FA4D3D4-F8B4-4FD1-BE1B-C10CBED9EA25}.Release|x86.ActiveCfg = Release|Win32
		{5FA4D3D4-F8B4-4FD1-BE1B-C10CBED9EA25}.Release|x86.Build.0 = Release|Win32
		{17ED5CD3-8CE2-42EC-87BD-91C91FE39016}.Debug|x64.ActiveCfg = Debug|x64
		{17ED5CD3-8CE2-42EC-87BD-91C91FE39016}.Debug|x64.Build.0 = Debug|x64
		{17ED5CD3-8CE2-42EC-87BD-91C91FE39016}.Debug|x86.ActiveCfg = Debug|Win32
		{17ED5CD3-8CE2-42EC-87BD-91C91FE39016}.Debug|x86.Build.0 = Debug|Win32
		{17ED5CD3-8CE2-42EC-87BD-91C91FE39016}.Release|x64.ActiveCfg = Release|x64
		{17ED5CD3-8CE2-42EC-87BD-91C91FE39016}.Release|x64.Build.0 = Release|x64
		{17ED5CD3-8CE2-42EC-87BD-91C91FE39016}.Release|x86.ActiveCfg = Release|Win32
		{17ED5CD3-8CE2-42EC-87BD-91C91FE39016}.Release|x86.Build.0 = Release|Win32
		{BFE8A220-2F92-447F-B063-F614D7FDEFE8}.Debug|x64.ActiveCfg = Debug|x64
		{BFE8A220-2F92-447F-B063-F614D7FDEFE8}.Debug|x64.Build.0 = Debug|x64
		{BFE8A220-2F92-447F-B063-F614D7FDEFE8}.Debug|x86.ActiveCfg = Debug|Win32
		{BFE8A220-2F92-447F-B063-F614D7FDEFE8}.Debug|x86.Build.0 = Debug|Win32
		{BFE8A220-2F92-447F-B063-F614D7FDEFE8}.Release|x64.ActiveCfg = Release|x64
		{BFE8A220-2F92-447F-B063-F614D7FDEFE8}.Release|x64.Build.0 = Release|x64
		{BFE8A220-2F92-447F-B063-F614D7FDEFE8}.Release|x86.ActiveCfg = Release|Win32
		{BFE8A220-2F92-447F-B063-F614D7FDEFE8}.Release|x86.Build.0 = Release|Win32
		{CBD78692-7F01-47F4-9EF5-ADB93AEF4B51}.Debug|x64.ActiveCfg = Debug|x64
		{CBD78692-7F01-47F4-9EF5-ADB93AEF4B51}.Debug|x64.Build.0 = Debug|x64
		{CBD78692-7F01-47F4-9EF5-ADB93AEF4B51}.Debug|x86.ActiveCfg = Debug|Win32
		{CBD78692-7F01-47F4-9EF5-ADB93AEF4B51}.Debug|x86.Build.0 = Debug|Win32
		{CBD78692-7F01-47F4-9EF5-ADB93AEF4B51}.Release|x64.ActiveCfg = Release|x64
		{CBD78692-7F01-47F4-9EF5-ADB93AEF4B51}.Release|x64.Build.0 = Release|x64
		{CBD78692-7F01-47F4-9EF5-ADB93AEF4B51}.Release|x86.ActiveCfg = Release|Win32
		{CBD78692-7F01-47F4-9EF5-ADB93AEF4B51}.Release|x86.Build.0 = Release|Win32
		{661312C3-4321-406E-B7F9-71D7417312EC}.Debug|x64.ActiveCfg = Debug|x64
		{661312C3-4321-406E-B7F9-71D7417312EC}.Debug|x64.Build.0 = Debug|x64
		{661312C3-4321-406E-B7F9-71D7417312EC}.Debug|x86.ActiveCfg = Debug|Win32
		{661312C3-4321-406E-B7F9-71D7417312EC}.Debug|x86.Build.0 = Debug|Win32
		{661312C3-4321-406E-B7F9-71D7417312EC}.Release|x64.ActiveCfg = Release|x64
		{661312C3-4321-406E-B7F9-71D7417312EC}.Release|x64.Build.0 = Release|x64
		{661312C3-4321-406E-B7F9-71D7417312EC}.Release|x86.ActiveCfg = Release|Win32
		{661312C3-4321-406E-B7F9-71D7417312EC}.Release|x86.Build.0 = Release|Win32
		{68E79134-99EB-4C1C-80D6-367A090BC39B}.Debug|x64.ActiveCfg = Debug|x64
		{68E79134-99EB-4C1C-80D6-367A090BC39B}.Debug|x64.Build.0 = Debug|x64
		{68E79134-99EB-4C1C-80D6-367A090BC39B}.Debug|x86.ActiveCfg = Debug|Win32
		{68E79134-99EB-4C1C-80D6-367A090BC39B}.Debug|x86.Build.0 = Debug|Win32
		{68E79134-99EB-4C1C-80D6-367A090BC39B}.Release|x64.ActiveCfg = Release|x64
		{68E79134-99EB-4C1C-80D6-367A090BC39B}.Release|x64.Build.0 = Release|x64
		{68E79134-99EB-4C1C-80D6-367A090BC39B}.Release|x86.ActiveCfg = Release|Win32
		{68E79134-99EB-4C1C-80D6-367A090BC39B}.Release|x86.Build.0 = Release|Win32
		{1BDE20B5-A648-4F43-BD46-456C3E175644}.Debug|x64.ActiveCfg = Debug|x64
		{1BDE20B5-A648-4F43-BD46-456C3E175644}.Debug|x64.Build.0 = Debug|x64
		{1BDE20B5-A648-4F43-BD46-456C3E175644}.Debug|x86.ActiveCfg = Debug|Win32
		{1BDE20B5-A648-4F43-BD46-456C3E175644}.Debug|x86.Build.0 = Debug|Win32
		{1BDE20B5-A648-4F43-BD46-456C3E175644}.Release|x64.ActiveCfg = Release|x64
		{1BDE20B5-A648-4F43-BD46-456C3E175644}.Release|x64.Build.0 = Release|x64
		{1BDE20B5-A648-4F43-BD46-456C3E175644}.Release|x86.ActiveCfg = Release|Win32
		{1BDE20B5-A648-4F43-BD46-456C3E175644}.Release|x86.Build.0 = Release|Win32
		{D9B71198-57D6-466F-8F3C-FB8EF3F8B683}.Debug|x64.ActiveCfg = Debug|x64
		{D9B71198-57D6-466F-8F3C-FB8EF3F8B683}.Debug|x64.Build.0 = Debug|x64
		{D9B71198-57D6-466F-8F3C-FB8EF3F8B683}.Debug|x86.ActiveCfg = Debug|Win32
		{D9B71198-57D6-466F-8F3C-FB8EF3F8B683}.Debug|x86.Build.0 = Debug|Win32
		{D9B71198-57D6-466F-8F3C-FB8EF3F8B683}.Release|x64.ActiveCfg = Release|x64
		{D9B71198-57D6-466F-8F3C-FB8EF3F8B683}.Release|x64.Build.0 = Release|x64
		{D9B71198-57D6-466F-8F3C-FB8EF3F8B683}.Release|x86.ActiveCfg = Release|Win32
		{D9B71198-57D6-466F-8F3C-FB8EF3F8B683}.Release|x86.Build.0 = Release|Win32
		{DDAFDBF3-F04D-4B71-82BE-D659070CAE26}.Debug|x64.ActiveCfg = Debug|x64
		{DDAFDBF3-F04D-4B71-82BE-D659070CAE26}.Debug|x64.Build.0 = Debug|x64
		{DDAFDBF3-F04D-4B71-82BE-D659070CAE26}.Debug|x86.ActiveCfg = Debug|Win32
		{DDAFDBF3-F04D-4B71-82BE-D659070CAE26}.Debug|x86.Build.0 = Debug|Win32
		{DDAFDBF3-F04D-4B71-82BE-D659070CAE26}.Release|x64.ActiveCfg = Release|x64
		{DDAFDBF3-F04D-4B71-82BE-D659070CAE26}.Release|x64.Build.0 = Release|x64
		{DDAFDBF3-F04D-4B71-82BE-D659070CAE26}.Release|x86.ActiveCfg = Release|Win32
		{DDAFDBF3-F04D-4B71-82BE-D659070CAE26}.Release|x86.Build.0 = Release|Win32
		{ED1E7A67-7F1E-48ED-89DC-21368AD53709}.Debug|x64.ActiveCfg = Debug|x64
		{ED1E7A67-7F1E-48ED-89DC-21368AD53709}.Debug|x64.Build.0 = Debug|x64
		{ED1E7A67-7F1E-48ED-89DC-21368AD53709}.Debug|x86.ActiveCfg = Debug|Win32
		{ED1E7A67-7F1E-48ED-89DC-21368AD53709}.Debug|x86.Build.0 = Debug|Win32
		{ED1E7A67-7F1E-48ED-89DC-21368AD53709}.Release|x64.ActiveCfg = Release|x64
		{ED1E7A67-7F1E-48ED-89DC-21368AD53709}.Release|x64.Build.0 = Release|x64
		{ED1E7A67-7F1E-48ED-89DC-21368AD53709}.Release|x86.ActiveCfg = Release|Win32
		{ED1E7A67-7F1E-48ED-89DC-21368AD53709}.Release|x86.Build.0 = Release|Win32
		{22FD9840-33CB-4C76-BBF0-6A95A411B4B7}.Debug|x64.ActiveCfg = Debug|x64
		{22FD9840-33CB-4C76-BBF0-6A95A411B4B7}.Debug|x64.Build.0 = Debug|x64
		{22FD9840-33CB-4C76-BBF0-6A95A411B4B7}.Debug|x86.ActiveCfg = Debug|Win32
		{22FD9840-33CB-4C76-BBF0-6A95A411B4B7}.Debug|x86.Build.0 = Debug|Win32
		{22FD9840-33CB-4C76-BBF0-6A95A411B4B7}.Release|x64.ActiveCfg = Release|x64
		{22FD9840-33CB-4C76-BBF0-6A95A411B4B7}.Release|x64.Build.0 = Release|x64
		{22FD9840-33CB-4C76-BBF0-6A95A411B4B7}.Release|x86.ActiveCfg = Release|Win32
		{22FD9840-33CB-4C76-BBF0-6A95A411B4B7}.Release|x86.Build.0 = Release|Win32
		{D0F7663B-7783-43BF-AC7A-D3DCAEB7FAF7}.Debug|x64.ActiveCfg = Debug|x64
		{D0F7663B-7783-43BF-AC7A-D3DCAEB7FAF7}.Debug|x64.Build.0 = Debug|x64
		{D0F7663B-7783-43BF-AC7A-D3DCAEB7FAF7}.Debug|x86.ActiveCfg = Debug|Win32
		{D0F7663B-7783-43BF-AC7A-D3DCAEB7FAF7}.Debug|x86.Build.0 = Debug|Win32
		{D0F7663B-7783-43BF-AC7A-D3DCAEB7FAF7}.Release|x64.ActiveCfg = Release|x64
		{D0F7663B-7783-43BF-AC7A-D3DCAEB7FAF7}.Release|x64.Build.0 = Release|x64
		{D0F7663B-7783-43BF-AC7A-D3DCAEB7FAF7}.Release|x86.ActiveCfg = Release|Win32
		{D0F7663B-7783-43BF-AC7A-D3DCAEB7FAF7}.Release|x86.Build.0 = Release|Win32
		{5A8BAA02-711E-4BBC-95C1-067B38D6DA5A}.Debug|x64.ActiveCfg = Debug|x64
		{5A8BAA02-711E-4BBC-95C1-067B38D6DA5A}.Debug|x64.Build.0 = Debug|x64
		{5A8BAA02-711E-4BBC-95C1-067B38D6DA5A}.Debug|x86.ActiveCfg = Debug|Win32
		{5A8BAA02-711E-4BBC-95C1-067B38D6DA5A}.Debug|x86.Build.0 = Debug|Win32
		{5A8BAA02-711E-4BBC-95C1-067B38D6DA5A}.Release|x64.ActiveCfg = Release|x64
		{5A8BAA02-711E-4BBC-95C1-067B38D6DA5A}.Release|x64.Build.0 = Release|x64
		{5A8BAA02-711E-4BBC-95C1-067B38D6DA5A}.Release|x86.ActiveCfg = Release|Win32
		{5A8BAA02-711E-4BBC-95C1-067B38D6DA5A}.Release|x86.Build.0 = Release|Win32
		{C6A9C0FA-6B1C-4F4C-BF50-A109526E6780}.Debug|x64.ActiveCfg = Debug|x64
		{C6A9C0FA-6B1C-4F4C-BF50-A109526E6780}.Debug|x64.Build.0 = Debug|x64
		{C6A9C0FA-6B1C-4F4C-BF50-A109526E6780}.Debug|x86.ActiveCfg = Debug|Win32
		{C6A9C0FA-6B1C-4F4C-BF50-A109526E6780}.Debug|x86.Build.0 = Debug|Win32
		{C6A9C0FA-6B1C-4F4C-BF50-A109526E6780}.Release|x64.ActiveCfg = Release|x64
		{C6A9C0FA-6B1C-4F4C-BF50-A109526E6780}.Release|x64.Build.0 = Release|x64
		{C6A9C0FA-6B1C-4F4C-BF50-A109526E6780}.Release|x86.ActiveCfg = Release|Win32
		{C6A9C0FA-6B1C-4F4C-BF50-A109526E6780}.Release|x86.Build.0 = Release|Win32
		{5F76DEBB-6C99-42D4-A305-B51FF114F95C}.Debug|x64.ActiveCfg = Debug|x64
		{5F76DEBB-6C99-42D4-A305-B51FF114F95C}.Debug|x64.Build.0 = Debug|x64
		{5F76DEBB-6C99-42D4-A305-B51FF114F95C}.Debug|x86.ActiveCfg = Debug|Win32
		{5F76DEBB-6C99-42D4-A305-B51FF114F95C}.Debug|x86.Build.0 = Debug|Win32
		{5F76DEBB-6C99-42D4-A305-B51FF114F95C}.Release|x64.ActiveCfg = Release|x64
		{5F76DEBB-6C99-42D4-A305-B51FF114F95C}.Release|x64.Build.0 = Release|x64
		{5F76DEBB-6C99-42D4-A305-B51FF114F95C}.Release|x86.ActiveCfg = Release|Win32
		{5F76DEBB-6C99-42D4-A305-B51FF114F95C}.Release|x86.Build.0 = Release|Win32
		{A5FE170C-08A2-4E43-ADE2-3B9C8D9070B8}.Debug|x64.ActiveCfg = Debug|x64
		{A5FE170C-08A2-4E43-ADE2-3B9C8D9070B8}.Debug|x64.Build.0 = Debug|x64
		{A5FE170C-08A2-4E43-ADE2-3B9C8D9070B8}.Debug|x86.ActiveCfg = Debug|Win32
		{A5FE170C-08A2-4E43-ADE2-3B9C8D9070B8}.Debug|x86.Build.0 = Debug|Win32
		{A5FE170C-08A2-4E43-ADE2-3B9C8D9070B8}.Release|x64.ActiveCfg = Release|x64
		{A5FE170C-08A2-4E43-ADE2-3B9C8D9070B8}.Release|x64.Build.0 = Release|x64
		{A5FE170C-08A2-4E43-ADE2-3B9C8D9070B8}.Release|x86.ActiveCfg = Release|Win32
		{A5FE170C-08A2-4E43-ADE2-3B9C8D9070B8}.Release|x86.Build.0 = Release|Win32
		{A803A4B3-01CD-443D-A948-65E8AFB3135A}.Debug|x64.ActiveCfg = Debug|x64
		{A803A4B3-01CD-443D-A948-65E8AFB3135A}.Debug|x64.Build.0 = Debug|x64
		{A803A4B3-01CD-443D-A948-65E8AFB3135A}.Debug|x86.ActiveCfg = Debug|Win32
		{A803A4B3-01CD-443D-A948-65E8AFB3135A}.Debug|x86.Build.0 = Debug|Win32
		{A803A4B3-01CD-443D-A948-65E8AFB3135A}.Release|x64.ActiveCfg = Release|x64
		{A803A4B3-01CD-443D-A948-65E8AFB3135A}.Release|x64.Build.0 = Release|x64
		{A803A4B3-01CD-443D-A948-65E8AFB3135A}.Release|x86.ActiveCfg = Release|Win32
		{A803A4B3-01CD-443D-A948-65E8AFB3135A}.Release|x86.Build.0 = Release|Win32
		{AECA5CC0-367C-4B63-84E2-CF324A5667D0}.Debug|x64.ActiveCfg = Debug|x64
		{AECA5CC0-367C-4B63-84E2-CF324A5667D0}.Debug|x64.Build.0 = Debug|x64
		{AECA5CC0-367C-4B63-84E2-CF324A5667D0}.Debug|x86.ActiveCfg = Debug|Win32
		{AECA5CC0-367C-4B63-84E2-CF324A5667D0}.Debug|x86.Build.0 = Debug|Win32
		{AECA5CC0-367C-4B63-84E2-CF324A5667D0}.Release|x64.ActiveCfg = Release|x64
		{AECA5CC0-367C-4B63-84E2-CF324A5667D0}.Release|x64.Build.0 = Release|x64
		{AECA5CC0-367C-4B63-84E2-CF324A5667D0}.Release|x86.ActiveCfg = Release|Win32
		{AECA5CC0-367C-4B63-84E2-CF324A5667D0}.Release|x86.Build.0 = Release|Win32
		{F3AB7DEE-5999-410B-961B-10DE7D0E179D}.Debug|x64.ActiveCfg = Debug|x64
		{F3AB7DEE-5999-410B-961B-10DE7D0E179D}.Debug|x64.Build.0 = Debug|x64
		{F3AB7DEE-5999-410B-961B-10DE7D0E179D}.Debug|x86.ActiveCfg = Debug|Win32
		{F3AB7DEE-5999-410B-961B-10DE7D0E179D}.Debug|x86.Build.0 = Debug|Win32
		{F3AB7DEE-5999-410B-961B-10DE7D0E179D}.Release|x64.ActiveCfg = Release|x64
		{F3AB7DEE-5999-410B-961B-10DE7D0E179D}.Release|x64.Build.0 = Release|x64
		{F3AB7DEE-5999-410B-961B-10DE7D0E179D}.Release|x86.ActiveCfg = Release|Win32
		{F3AB7DEE-5999-410B-961B-10DE7D0E179D}.Release|x86.Build.0 = Release|Win32
		{D00CC7E5-B04E-485B-BCA3-6A8E8D3C51FB}.Debug|x64.ActiveCfg = Debug|x64
		{D00CC7E5-B04E-485B-BCA3-6A8E8D3C51FB}.Debug|x64.Build.0 = Debug|x64
		{D00CC7E5-B04E-485B-BCA3-6A8E8D3C51FB}.Debug|x86.ActiveCfg = Debug|Win32
		{D00CC7E5-B04E-485B-BCA3-6A8E8D3C51FB}.Debug|x86.Build.0 = Debug|Win32
		{D00CC7E5-B04E-485B-BCA3-6A8E8D3C51FB}.Release|x64.ActiveCfg = Release|x64
		{D00CC7E5-B04E-485B-BCA3-6A8E8D3C51FB}.Release|x64.Build.0 = Release|x64
		{D00CC7E5-B04E-485B-BCA3-6A8E8D3C51FB}.Release|x86.ActiveCfg = Release|Win32
		{D00CC7E5-B04E-485B-BCA3-6A8E8D3C51FB}.Release|x86.Build.0 = Release|Win32
		{B3B78BE1-436B-4CB8-9E38-0872FFFCA10D}.Debug|x64.ActiveCfg = Debug|x64
		{B3B78BE1-436B-4CB8-9E38-0872FFFCA10D}.Debug|x64.Build.0 = Debug|x64
		{B3B78BE1-436B-4CB8-9E38-0872FFFCA10D}.Debug|x86.ActiveCfg = Debug|Win32
		{B3B78BE1-436B-4CB8-9E38-0872FFFCA10D}.Debug|x86.Build.0 = Debug|Win32
		{B3B78BE1-436B-4CB8-9E38-0872FFFCA10D}.Release|x64.ActiveCfg = Release|x64
		{B3B78BE1-436B-4CB8-9E38-0872FFFCA10D}.Release|x64.Build.0 = Release|x64
		{B3B78BE1-436B-4CB8-9E38-0872FFFCA10D}.Release|x86.ActiveCfg = Release|Win32
		{B3B78BE1-436B-4CB8-9E38-0872FFFCA10D}.Release|x86.Build.0 = Release|Win32
	EndGlobalSection
	GlobalSection(SolutionProperties) = preSolution
		HideSolutionNode = FALSE
	EndGlobalSection
	GlobalSection(ExtensibilityGlobals) = postSolution
		SolutionGuid = {8FCD4ABB-38B8-4B62-9694-3646AD5D14CE}
	EndGlobalSection
EndGlobal
